{
  "version": 4,
  "terraform_version": "1.6.6",
  "serial": 28,
  "lineage": "de14da9f-45cc-607a-9ae4-6944d0f1e431",
  "outputs": {},
  "resources": [
    {
      "mode": "data",
      "type": "aws_subnet",
      "name": "subnet",
      "provider": "provider[\"registry.terraform.io/hashicorp/aws\"]",
      "instances": [
        {
          "index_key": "subnet-00d50912622de327b",
          "schema_version": 0,
          "attributes": {
            "arn": "arn:aws:ec2:us-east-1:064151784429:subnet/subnet-00d50912622de327b",
            "assign_ipv6_address_on_creation": false,
            "availability_zone": "us-east-1f",
            "availability_zone_id": "use1-az5",
            "available_ip_address_count": 4091,
            "cidr_block": "172.31.64.0/20",
            "customer_owned_ipv4_pool": "",
            "default_for_az": true,
            "enable_dns64": false,
            "enable_lni_at_device_index": 0,
            "enable_resource_name_dns_a_record_on_launch": false,
            "enable_resource_name_dns_aaaa_record_on_launch": false,
            "filter": null,
            "id": "subnet-00d50912622de327b",
            "ipv6_cidr_block": "",
            "ipv6_cidr_block_association_id": "",
            "ipv6_native": false,
            "map_customer_owned_ip_on_launch": false,
            "map_public_ip_on_launch": true,
            "outpost_arn": "",
            "owner_id": "064151784429",
            "private_dns_hostname_type_on_launch": "ip-name",
            "state": "available",
            "tags": {},
            "timeouts": null,
            "vpc_id": "vpc-0413388db2d830066"
          },
          "sensitive_attributes": []
        },
        {
          "index_key": "subnet-02301fd94caa20201",
          "schema_version": 0,
          "attributes": {
            "arn": "arn:aws:ec2:us-east-1:064151784429:subnet/subnet-02301fd94caa20201",
            "assign_ipv6_address_on_creation": false,
            "availability_zone": "us-east-1a",
            "availability_zone_id": "use1-az6",
            "available_ip_address_count": 4091,
            "cidr_block": "172.31.32.0/20",
            "customer_owned_ipv4_pool": "",
            "default_for_az": true,
            "enable_dns64": false,
            "enable_lni_at_device_index": 0,
            "enable_resource_name_dns_a_record_on_launch": false,
            "enable_resource_name_dns_aaaa_record_on_launch": false,
            "filter": null,
            "id": "subnet-02301fd94caa20201",
            "ipv6_cidr_block": "",
            "ipv6_cidr_block_association_id": "",
            "ipv6_native": false,
            "map_customer_owned_ip_on_launch": false,
            "map_public_ip_on_launch": true,
            "outpost_arn": "",
            "owner_id": "064151784429",
            "private_dns_hostname_type_on_launch": "ip-name",
            "state": "available",
            "tags": {},
            "timeouts": null,
            "vpc_id": "vpc-0413388db2d830066"
          },
          "sensitive_attributes": []
        },
        {
          "index_key": "subnet-03937642737b48ba1",
          "schema_version": 0,
          "attributes": {
            "arn": "arn:aws:ec2:us-east-1:064151784429:subnet/subnet-03937642737b48ba1",
            "assign_ipv6_address_on_creation": false,
            "availability_zone": "us-east-1e",
            "availability_zone_id": "use1-az3",
            "available_ip_address_count": 4091,
            "cidr_block": "172.31.48.0/20",
            "customer_owned_ipv4_pool": "",
            "default_for_az": true,
            "enable_dns64": false,
            "enable_lni_at_device_index": 0,
            "enable_resource_name_dns_a_record_on_launch": false,
            "enable_resource_name_dns_aaaa_record_on_launch": false,
            "filter": null,
            "id": "subnet-03937642737b48ba1",
            "ipv6_cidr_block": "",
            "ipv6_cidr_block_association_id": "",
            "ipv6_native": false,
            "map_customer_owned_ip_on_launch": false,
            "map_public_ip_on_launch": true,
            "outpost_arn": "",
            "owner_id": "064151784429",
            "private_dns_hostname_type_on_launch": "ip-name",
            "state": "available",
            "tags": {},
            "timeouts": null,
            "vpc_id": "vpc-0413388db2d830066"
          },
          "sensitive_attributes": []
        },
        {
          "index_key": "subnet-0408f7faf5182ce49",
          "schema_version": 0,
          "attributes": {
            "arn": "arn:aws:ec2:us-east-1:064151784429:subnet/subnet-0408f7faf5182ce49",
            "assign_ipv6_address_on_creation": false,
            "availability_zone": "us-east-1d",
            "availability_zone_id": "use1-az4",
            "available_ip_address_count": 4091,
            "cidr_block": "172.31.16.0/20",
            "customer_owned_ipv4_pool": "",
            "default_for_az": true,
            "enable_dns64": false,
            "enable_lni_at_device_index": 0,
            "enable_resource_name_dns_a_record_on_launch": false,
            "enable_resource_name_dns_aaaa_record_on_launch": false,
            "filter": null,
            "id": "subnet-0408f7faf5182ce49",
            "ipv6_cidr_block": "",
            "ipv6_cidr_block_association_id": "",
            "ipv6_native": false,
            "map_customer_owned_ip_on_launch": false,
            "map_public_ip_on_launch": true,
            "outpost_arn": "",
            "owner_id": "064151784429",
            "private_dns_hostname_type_on_launch": "ip-name",
            "state": "available",
            "tags": {},
            "timeouts": null,
            "vpc_id": "vpc-0413388db2d830066"
          },
          "sensitive_attributes": []
        },
        {
          "index_key": "subnet-06bb52ca278f848cb",
          "schema_version": 0,
          "attributes": {
            "arn": "arn:aws:ec2:us-east-1:064151784429:subnet/subnet-06bb52ca278f848cb",
            "assign_ipv6_address_on_creation": false,
            "availability_zone": "us-east-1b",
            "availability_zone_id": "use1-az1",
            "available_ip_address_count": 4091,
            "cidr_block": "172.31.0.0/20",
            "customer_owned_ipv4_pool": "",
            "default_for_az": true,
            "enable_dns64": false,
            "enable_lni_at_device_index": 0,
            "enable_resource_name_dns_a_record_on_launch": false,
            "enable_resource_name_dns_aaaa_record_on_launch": false,
            "filter": null,
            "id": "subnet-06bb52ca278f848cb",
            "ipv6_cidr_block": "",
            "ipv6_cidr_block_association_id": "",
            "ipv6_native": false,
            "map_customer_owned_ip_on_launch": false,
            "map_public_ip_on_launch": true,
            "outpost_arn": "",
            "owner_id": "064151784429",
            "private_dns_hostname_type_on_launch": "ip-name",
            "state": "available",
            "tags": {},
            "timeouts": null,
            "vpc_id": "vpc-0413388db2d830066"
          },
          "sensitive_attributes": []
        },
        {
          "index_key": "subnet-0c4deec26e6058153",
          "schema_version": 0,
          "attributes": {
            "arn": "arn:aws:ec2:us-east-1:064151784429:subnet/subnet-0c4deec26e6058153",
            "assign_ipv6_address_on_creation": false,
            "availability_zone": "us-east-1c",
            "availability_zone_id": "use1-az2",
            "available_ip_address_count": 4091,
            "cidr_block": "172.31.80.0/20",
            "customer_owned_ipv4_pool": "",
            "default_for_az": true,
            "enable_dns64": false,
            "enable_lni_at_device_index": 0,
            "enable_resource_name_dns_a_record_on_launch": false,
            "enable_resource_name_dns_aaaa_record_on_launch": false,
            "filter": null,
            "id": "subnet-0c4deec26e6058153",
            "ipv6_cidr_block": "",
            "ipv6_cidr_block_association_id": "",
            "ipv6_native": false,
            "map_customer_owned_ip_on_launch": false,
            "map_public_ip_on_launch": true,
            "outpost_arn": "",
            "owner_id": "064151784429",
            "private_dns_hostname_type_on_launch": "ip-name",
            "state": "available",
            "tags": {},
            "timeouts": null,
            "vpc_id": "vpc-0413388db2d830066"
          },
          "sensitive_attributes": []
        }
      ]
    },
    {
      "mode": "data",
      "type": "aws_subnets",
      "name": "subnets",
      "provider": "provider[\"registry.terraform.io/hashicorp/aws\"]",
      "instances": [
        {
          "schema_version": 0,
          "attributes": {
            "filter": [
              {
                "name": "vpc-id",
                "values": [
                  "vpc-0413388db2d830066"
                ]
              }
            ],
            "id": "us-east-1",
            "ids": [
              "subnet-02301fd94caa20201",
              "subnet-0c4deec26e6058153",
              "subnet-0408f7faf5182ce49",
              "subnet-06bb52ca278f848cb",
              "subnet-00d50912622de327b",
              "subnet-03937642737b48ba1"
            ],
            "tags": null,
            "timeouts": null
          },
          "sensitive_attributes": []
        }
      ]
    },
    {
      "mode": "data",
      "type": "aws_vpc",
      "name": "vpc",
      "provider": "provider[\"registry.terraform.io/hashicorp/aws\"]",
      "instances": [
        {
          "schema_version": 0,
          "attributes": {
            "arn": "arn:aws:ec2:us-east-1:064151784429:vpc/vpc-0413388db2d830066",
            "cidr_block": "172.31.0.0/16",
            "cidr_block_associations": [
              {
                "association_id": "vpc-cidr-assoc-08ed922a5027ffc19",
                "cidr_block": "172.31.0.0/16",
                "state": "associated"
              }
            ],
            "default": true,
            "dhcp_options_id": "dopt-0b6247a1790273681",
            "enable_dns_hostnames": true,
            "enable_dns_support": true,
            "enable_network_address_usage_metrics": false,
            "filter": null,
            "id": "vpc-0413388db2d830066",
            "instance_tenancy": "default",
            "ipv6_association_id": "",
            "ipv6_cidr_block": "",
            "main_route_table_id": "rtb-0b6b06ebaafea3524",
            "owner_id": "064151784429",
            "state": null,
            "tags": {},
            "timeouts": null
          },
          "sensitive_attributes": []
        }
      ]
    },
    {
      "mode": "managed",
      "type": "aws_eks_access_entry",
      "name": "eks-access-entry",
      "provider": "provider[\"registry.terraform.io/hashicorp/aws\"]",
      "instances": [
        {
          "schema_version": 0,
          "attributes": {
            "access_entry_arn": "arn:aws:eks:us-east-1:064151784429:access-entry/EKS-TECH-CHALLENGE/role/064151784429/voclabs/b4c9203f-fc47-fca6-c196-2e39cda6196c",
            "cluster_name": "EKS-TECH-CHALLENGE",
            "created_at": "2024-09-30T01:16:21Z",
            "id": "EKS-TECH-CHALLENGE:arn:aws:iam::064151784429:role/voclabs",
            "kubernetes_groups": [
              "admin"
            ],
            "modified_at": "2024-09-30T01:16:21Z",
            "principal_arn": "arn:aws:iam::064151784429:role/voclabs",
            "tags": null,
            "tags_all": {},
            "timeouts": null,
            "type": "STANDARD",
            "user_name": "arn:aws:sts::064151784429:assumed-role/voclabs/{{SessionName}}"
          },
          "sensitive_attributes": [],
          "private": "eyJlMmJmYjczMC1lY2FhLTExZTYtOGY4OC0zNDM2M2JjN2M0YzAiOnsiY3JlYXRlIjo2MDAwMDAwMDAwMDAsImRlbGV0ZSI6NjAwMDAwMDAwMDAwfX0=",
          "dependencies": [
            "aws_eks_cluster.eks-cluster",
            "aws_security_group.sg",
            "data.aws_subnet.subnet",
            "data.aws_subnets.subnets",
            "data.aws_vpc.vpc"
          ]
        }
      ]
    },
    {
      "mode": "managed",
      "type": "aws_eks_access_policy_association",
      "name": "eks-access-policy",
      "provider": "provider[\"registry.terraform.io/hashicorp/aws\"]",
      "instances": [
        {
          "schema_version": 0,
          "attributes": {
            "access_scope": [
              {
                "namespaces": null,
                "type": "cluster"
              }
            ],
            "associated_at": "2024-09-30 01:16:21.692 +0000 UTC",
            "cluster_name": "EKS-TECH-CHALLENGE",
            "id": "EKS-TECH-CHALLENGE#arn:aws:iam::064151784429:role/voclabs#arn:aws:eks::aws:cluster-access-policy/AmazonEKSClusterAdminPolicy",
            "modified_at": "2024-09-30 01:16:21.692 +0000 UTC",
            "policy_arn": "arn:aws:eks::aws:cluster-access-policy/AmazonEKSClusterAdminPolicy",
            "principal_arn": "arn:aws:iam::064151784429:role/voclabs",
            "timeouts": null
          },
          "sensitive_attributes": [],
          "private": "eyJlMmJmYjczMC1lY2FhLTExZTYtOGY4OC0zNDM2M2JjN2M0YzAiOnsiY3JlYXRlIjo2MDAwMDAwMDAwMDAsImRlbGV0ZSI6NjAwMDAwMDAwMDAwfX0=",
          "dependencies": [
            "aws_eks_cluster.eks-cluster",
            "aws_security_group.sg",
            "data.aws_subnet.subnet",
            "data.aws_subnets.subnets",
            "data.aws_vpc.vpc"
          ]
        }
      ]
    },
    {
      "mode": "managed",
      "type": "aws_eks_cluster",
      "name": "eks-cluster",
      "provider": "provider[\"registry.terraform.io/hashicorp/aws\"]",
      "instances": [
        {
          "schema_version": 1,
          "attributes": {
            "access_config": [
              {
                "authentication_mode": "API_AND_CONFIG_MAP",
                "bootstrap_cluster_creator_admin_permissions": false
              }
            ],
            "arn": "arn:aws:eks:us-east-1:064151784429:cluster/EKS-TECH-CHALLENGE",
            "bootstrap_self_managed_addons": true,
            "certificate_authority": [
              {
                "data": "LS0tLS1CRUdJTiBDRVJUSUZJQ0FURS0tLS0tCk1JSURCVENDQWUyZ0F3SUJBZ0lJTWo0aVhTUE1MOEF3RFFZSktvWklodmNOQVFFTEJRQXdGVEVUTUJFR0ExVUUKQXhNS2EzVmlaWEp1WlhSbGN6QWVGdzB5TkRBNU16QXdNVEE0TkRsYUZ3MHpOREE1TWpnd01URXpORGxhTUJVeApFekFSQmdOVkJBTVRDbXQxWW1WeWJtVjBaWE13Z2dFaU1BMEdDU3FHU0liM0RRRUJBUVVBQTRJQkR3QXdnZ0VLCkFvSUJBUUNpeGFEZDc3eWt2eStnWDZRalBKUUs5dTFyTXdoZXZIQlgwRFlkcTNiWkNOejNuNmdwQ3k1Vy9TQ0cKakxhbkh3VCtZVGZ1dVloRTN2dGZqVGFxcE1ZY3pCbG1WWkhYWVZ5bGx4VkFtZkl2M01WRDNST0hZYTkxajUySgpkSDhiOHZXUmwzdDFybHRBVUlVUVN6V3ZmdUQ4VHl2Zk5wMEsvb3VjalRJNWFISi9FZ1hkK2NRUXBtU1o0SUZKCmVJd0YvSjhTcEtxNTJpWDJsVEU5VXk2UHJlOEhzNE9WYjRtS2dFdWY2ZUVXMFBLeTdqQVlvUzY0NlZjY3lyVHEKZmcwRitRSzMvSm1OcnExdzJwaWx3NE0yTWxTWjViblF0dkVRNHc2OUtSMlZxSi9jSEJNOVFuLzVHUXhZV3ZncQpWTkd3UnRTV2VWQUwwaHMwcEQwSDJvNlJKTC9OQWdNQkFBR2pXVEJYTUE0R0ExVWREd0VCL3dRRUF3SUNwREFQCkJnTlZIUk1CQWY4RUJUQURBUUgvTUIwR0ExVWREZ1FXQkJUUkx3WnJoS1g2bGc3MWtVTDBxWnVWNzllWkhqQVYKQmdOVkhSRUVEakFNZ2dwcmRXSmxjbTVsZEdWek1BMEdDU3FHU0liM0RRRUJDd1VBQTRJQkFRQjRlZVpTYjYyNApnY2h0VkMyVTRxV1ZxSndMSytOWDZlenlNVWhpMGN2cjhOakFLcHlXeUdxYjVGV2JjWVI4V3M1TUdMMHV5bHB0CmdzcVByclZRM0IxU3V4ZjFaT09ZYkN6dlRzTitpbllRYk1uTjhLS0VodExjTlRZQmxFUlg3emNmSjJmUUdjeTMKRnVqNm8wM0VDVW5yZTIyeWFRblo3MmVkSm5SUlNhS1h5eW1YTFhPejhzZ2hUNDZRaVloUG1zeHZoaWxWeGNXTQoxbGRqdFU1UThybnBKWG95aE9uVGFLZUh5RnlSZ0EybjkzaDRDU3VORStMM1VRSU9CS0d3TUZ5S1pFc1JubWtlCkd0ZUFOV1JLcS80N3ZuaXROWGwvNjdnWnNSL1pmdjdXamVVWW81TU1kZXpJcEZjTVN0WmJjZ0t1dmFnVmVpQnkKdWJHWlBMejQwUW9KCi0tLS0tRU5EIENFUlRJRklDQVRFLS0tLS0K"
              }
            ],
            "cluster_id": null,
            "created_at": "2024-09-30T01:08:43Z",
            "enabled_cluster_log_types": null,
            "encryption_config": [],
            "endpoint": "https://1CEA9D405E9B90A9D376ED4FEC452DA7.sk1.us-east-1.eks.amazonaws.com",
            "id": "EKS-TECH-CHALLENGE",
            "identity": [
              {
                "oidc": [
                  {
                    "issuer": "https://oidc.eks.us-east-1.amazonaws.com/id/1CEA9D405E9B90A9D376ED4FEC452DA7"
                  }
                ]
              }
            ],
            "kubernetes_network_config": [
              {
                "ip_family": "ipv4",
                "service_ipv4_cidr": "10.100.0.0/16",
                "service_ipv6_cidr": ""
              }
            ],
            "name": "EKS-TECH-CHALLENGE",
            "outpost_config": [],
            "platform_version": "eks.8",
            "role_arn": "arn:aws:iam::064151784429:role/LabRole",
            "status": "ACTIVE",
            "tags": null,
            "tags_all": {},
            "timeouts": null,
            "upgrade_policy": [
              {
                "support_type": "EXTENDED"
              }
            ],
            "version": "1.30",
            "vpc_config": [
              {
                "cluster_security_group_id": "sg-0794365fc1c9b6a85",
                "endpoint_private_access": false,
                "endpoint_public_access": true,
                "public_access_cidrs": [
                  "0.0.0.0/0"
                ],
                "security_group_ids": [
                  "sg-0fa738452cab9f678"
                ],
                "subnet_ids": [
                  "subnet-00d50912622de327b",
                  "subnet-02301fd94caa20201",
                  "subnet-0408f7faf5182ce49",
                  "subnet-06bb52ca278f848cb",
                  "subnet-0c4deec26e6058153"
                ],
                "vpc_id": "vpc-0413388db2d830066"
              }
            ]
          },
          "sensitive_attributes": [],
          "private": "eyJlMmJmYjczMC1lY2FhLTExZTYtOGY4OC0zNDM2M2JjN2M0YzAiOnsiY3JlYXRlIjoxODAwMDAwMDAwMDAwLCJkZWxldGUiOjkwMDAwMDAwMDAwMCwidXBkYXRlIjozNjAwMDAwMDAwMDAwfSwic2NoZW1hX3ZlcnNpb24iOiIxIn0=",
          "dependencies": [
            "aws_security_group.sg",
            "data.aws_subnet.subnet",
            "data.aws_subnets.subnets",
            "data.aws_vpc.vpc"
          ]
        }
      ]
    },
    {
      "mode": "managed",
      "type": "aws_eks_node_group",
      "name": "eks-node",
      "provider": "provider[\"registry.terraform.io/hashicorp/aws\"]",
      "instances": [
        {
          "schema_version": 0,
          "attributes": {
            "ami_type": "AL2023_x86_64_STANDARD",
            "arn": "arn:aws:eks:us-east-1:064151784429:nodegroup/EKS-TECH-CHALLENGE/tech-challenge/80c9203f-fc1a-aa41-aaf4-7a7c9fd6155b",
            "capacity_type": "ON_DEMAND",
            "cluster_name": "EKS-TECH-CHALLENGE",
            "disk_size": 50,
            "force_update_version": null,
            "id": "EKS-TECH-CHALLENGE:tech-challenge",
            "instance_types": [
              "t3.medium"
            ],
            "labels": null,
            "launch_template": [],
            "node_group_name": "tech-challenge",
            "node_group_name_prefix": "",
            "node_role_arn": "arn:aws:iam::064151784429:role/LabRole",
            "release_version": "1.30.4-20240924",
            "remote_access": [],
            "resources": [
              {
                "autoscaling_groups": [
                  {
                    "name": "eks-tech-challenge-80c9203f-fc1a-aa41-aaf4-7a7c9fd6155b"
                  }
                ],
                "remote_access_security_group_id": ""
              }
            ],
            "scaling_config": [
              {
                "desired_size": 2,
                "max_size": 3,
                "min_size": 1
              }
            ],
            "status": "ACTIVE",
            "subnet_ids": [
              "subnet-00d50912622de327b",
              "subnet-02301fd94caa20201",
              "subnet-0408f7faf5182ce49",
              "subnet-06bb52ca278f848cb",
              "subnet-0c4deec26e6058153"
            ],
            "tags": null,
            "tags_all": {},
            "taint": [],
            "timeouts": null,
            "update_config": [
              {
                "max_unavailable": 1,
                "max_unavailable_percentage": 0
              }
            ],
            "version": "1.30"
          },
          "sensitive_attributes": [],
          "private": "eyJlMmJmYjczMC1lY2FhLTExZTYtOGY4OC0zNDM2M2JjN2M0YzAiOnsiY3JlYXRlIjozNjAwMDAwMDAwMDAwLCJkZWxldGUiOjM2MDAwMDAwMDAwMDAsInVwZGF0ZSI6MzYwMDAwMDAwMDAwMH19",
          "dependencies": [
            "aws_eks_cluster.eks-cluster",
            "aws_security_group.sg",
            "data.aws_subnet.subnet",
            "data.aws_subnets.subnets",
            "data.aws_vpc.vpc"
          ]
        }
      ]
    },
    {
      "mode": "managed",
      "type": "aws_security_group",
      "name": "sg",
      "provider": "provider[\"registry.terraform.io/hashicorp/aws\"]",
      "instances": [
        {
          "schema_version": 1,
          "attributes": {
            "arn": "arn:aws:ec2:us-east-1:064151784429:security-group/sg-0fa738452cab9f678",
            "description": "Usado no EKS com 6/7SOAT",
            "egress": [
              {
                "cidr_blocks": [
                  "0.0.0.0/0"
                ],
                "description": "All",
                "from_port": 0,
                "ipv6_cidr_blocks": [],
                "prefix_list_ids": [],
                "protocol": "-1",
                "security_groups": [],
                "self": false,
                "to_port": 0
              }
            ],
            "id": "sg-0fa738452cab9f678",
            "ingress": [
              {
                "cidr_blocks": [
                  "0.0.0.0/0"
                ],
                "description": "HTTP",
                "from_port": 80,
                "ipv6_cidr_blocks": [],
                "prefix_list_ids": [],
                "protocol": "tcp",
                "security_groups": [],
                "self": false,
                "to_port": 80
              }
            ],
            "name": "SG-EKS-TECH-CHALLENGE",
            "name_prefix": "",
            "owner_id": "064151784429",
            "revoke_rules_on_delete": false,
            "tags": null,
            "tags_all": {},
            "timeouts": null,
            "vpc_id": "vpc-0413388db2d830066"
          },
          "sensitive_attributes": [],
          "private": "eyJlMmJmYjczMC1lY2FhLTExZTYtOGY4OC0zNDM2M2JjN2M0YzAiOnsiY3JlYXRlIjo2MDAwMDAwMDAwMDAsImRlbGV0ZSI6OTAwMDAwMDAwMDAwfSwic2NoZW1hX3ZlcnNpb24iOiIxIn0="
        }
      ]
    }
  ],
  "check_results": null
}
